
Microsoft Visual Studio Solution File, Format Version 9.00
# Visual Studio 2005
Project("{8BC9CEB8-8B4A-11D0-8D11-00A0C91BC942}") = "vtTNL", "vtTLN8.vcproj", "{1BCC380D-900F-4476-B4E0-FD7687A28782}"
	ProjectSection(ProjectDependencies) = postProject
		{566BE7B3-F965-40E2-8344-69B9615433AE} = {566BE7B3-F965-40E2-8344-69B9615433AE}
	EndProjectSection
EndProject
Project("{8BC9CEB8-8B4A-11D0-8D11-00A0C91BC942}") = "libtomcrypt", "subs\libtomcrypt\libtomcrypt.vcproj", "{3F7F7B79-4473-4CAB-A54E-4274A9F1A01A}"
EndProject
Project("{8BC9CEB8-8B4A-11D0-8D11-00A0C91BC942}") = "tnl", "subs\tnl\tnl.vcproj", "{566BE7B3-F965-40E2-8344-69B9615433AE}"
	ProjectSection(ProjectDependencies) = postProject
		{3F7F7B79-4473-4CAB-A54E-4274A9F1A01A} = {3F7F7B79-4473-4CAB-A54E-4274A9F1A01A}
	EndProjectSection
EndProject
Project("{8BC9CEB8-8B4A-11D0-8D11-00A0C91BC942}") = "xConsoleServer", "xConsoleServer8.vcproj", "{1130B059-A99A-4BFF-8ABA-42FC686CE831}"
EndProject
Global
	GlobalSection(SubversionScc) = preSolution
		Svn-Managed = True
		Manager = AnkhSVN - Subversion Support for Visual Studio
	EndGlobalSection
	GlobalSection(SolutionConfigurationPlatforms) = preSolution
		Debug Psp Emu|Win32 = Debug Psp Emu|Win32
		Debug Psp|Win32 = Debug Psp|Win32
		Debug|Win32 = Debug|Win32
		DebugConsoleClient|Win32 = DebugConsoleClient|Win32
		DebugStatic|Win32 = DebugStatic|Win32
		Release Psp Emu|Win32 = Release Psp Emu|Win32
		Release Psp|Win32 = Release Psp|Win32
		Release|Win32 = Release|Win32
		ReleaseDebug|Win32 = ReleaseDebug|Win32
		ReleaseStatic|Win32 = ReleaseStatic|Win32
	EndGlobalSection
	GlobalSection(ProjectConfigurationPlatforms) = postSolution
		{1BCC380D-900F-4476-B4E0-FD7687A28782}.Debug Psp Emu|Win32.ActiveCfg = Debug Psp Emu|Win32
		{1BCC380D-900F-4476-B4E0-FD7687A28782}.Debug Psp Emu|Win32.Build.0 = Debug Psp Emu|Win32
		{1BCC380D-900F-4476-B4E0-FD7687A28782}.Debug Psp|Win32.ActiveCfg = Debug Psp|Win32
		{1BCC380D-900F-4476-B4E0-FD7687A28782}.Debug Psp|Win32.Build.0 = Debug Psp|Win32
		{1BCC380D-900F-4476-B4E0-FD7687A28782}.Debug|Win32.ActiveCfg = Debug|Win32
		{1BCC380D-900F-4476-B4E0-FD7687A28782}.Debug|Win32.Build.0 = Debug|Win32
		{1BCC380D-900F-4476-B4E0-FD7687A28782}.DebugConsoleClient|Win32.ActiveCfg = DebugConsoleClient|Win32
		{1BCC380D-900F-4476-B4E0-FD7687A28782}.DebugConsoleClient|Win32.Build.0 = DebugConsoleClient|Win32
		{1BCC380D-900F-4476-B4E0-FD7687A28782}.DebugStatic|Win32.ActiveCfg = DebugStatic|Win32
		{1BCC380D-900F-4476-B4E0-FD7687A28782}.DebugStatic|Win32.Build.0 = DebugStatic|Win32
		{1BCC380D-900F-4476-B4E0-FD7687A28782}.Release Psp Emu|Win32.ActiveCfg = Release Psp Emu|Win32
		{1BCC380D-900F-4476-B4E0-FD7687A28782}.Release Psp Emu|Win32.Build.0 = Release Psp Emu|Win32
		{1BCC380D-900F-4476-B4E0-FD7687A28782}.Release Psp|Win32.ActiveCfg = Release Psp|Win32
		{1BCC380D-900F-4476-B4E0-FD7687A28782}.Release Psp|Win32.Build.0 = Release Psp|Win32
		{1BCC380D-900F-4476-B4E0-FD7687A28782}.Release|Win32.ActiveCfg = Release|Win32
		{1BCC380D-900F-4476-B4E0-FD7687A28782}.Release|Win32.Build.0 = Release|Win32
		{1BCC380D-900F-4476-B4E0-FD7687A28782}.ReleaseDebug|Win32.ActiveCfg = ReleaseDebug|Win32
		{1BCC380D-900F-4476-B4E0-FD7687A28782}.ReleaseDebug|Win32.Build.0 = ReleaseDebug|Win32
		{1BCC380D-900F-4476-B4E0-FD7687A28782}.ReleaseStatic|Win32.ActiveCfg = ReleaseStatic|Win32
		{1BCC380D-900F-4476-B4E0-FD7687A28782}.ReleaseStatic|Win32.Build.0 = ReleaseStatic|Win32
		{3F7F7B79-4473-4CAB-A54E-4274A9F1A01A}.Debug Psp Emu|Win32.ActiveCfg = Debug|Win32
		{3F7F7B79-4473-4CAB-A54E-4274A9F1A01A}.Debug Psp Emu|Win32.Build.0 = Debug|Win32
		{3F7F7B79-4473-4CAB-A54E-4274A9F1A01A}.Debug Psp|Win32.ActiveCfg = Debug|Win32
		{3F7F7B79-4473-4CAB-A54E-4274A9F1A01A}.Debug Psp|Win32.Build.0 = Debug|Win32
		{3F7F7B79-4473-4CAB-A54E-4274A9F1A01A}.Debug|Win32.ActiveCfg = Debug|Win32
		{3F7F7B79-4473-4CAB-A54E-4274A9F1A01A}.Debug|Win32.Build.0 = Debug|Win32
		{3F7F7B79-4473-4CAB-A54E-4274A9F1A01A}.DebugConsoleClient|Win32.ActiveCfg = Debug|Win32
		{3F7F7B79-4473-4CAB-A54E-4274A9F1A01A}.DebugConsoleClient|Win32.Build.0 = Debug|Win32
		{3F7F7B79-4473-4CAB-A54E-4274A9F1A01A}.DebugStatic|Win32.ActiveCfg = Debug|Win32
		{3F7F7B79-4473-4CAB-A54E-4274A9F1A01A}.DebugStatic|Win32.Build.0 = Debug|Win32
		{3F7F7B79-4473-4CAB-A54E-4274A9F1A01A}.Release Psp Emu|Win32.ActiveCfg = Release|Win32
		{3F7F7B79-4473-4CAB-A54E-4274A9F1A01A}.Release Psp Emu|Win32.Build.0 = Release|Win32
		{3F7F7B79-4473-4CAB-A54E-4274A9F1A01A}.Release Psp|Win32.ActiveCfg = Release|Win32
		{3F7F7B79-4473-4CAB-A54E-4274A9F1A01A}.Release Psp|Win32.Build.0 = Release|Win32
		{3F7F7B79-4473-4CAB-A54E-4274A9F1A01A}.Release|Win32.ActiveCfg = Release|Win32
		{3F7F7B79-4473-4CAB-A54E-4274A9F1A01A}.Release|Win32.Build.0 = Release|Win32
		{3F7F7B79-4473-4CAB-A54E-4274A9F1A01A}.ReleaseDebug|Win32.ActiveCfg = Debug|Win32
		{3F7F7B79-4473-4CAB-A54E-4274A9F1A01A}.ReleaseDebug|Win32.Build.0 = Debug|Win32
		{3F7F7B79-4473-4CAB-A54E-4274A9F1A01A}.ReleaseStatic|Win32.ActiveCfg = Release|Win32
		{3F7F7B79-4473-4CAB-A54E-4274A9F1A01A}.ReleaseStatic|Win32.Build.0 = Release|Win32
		{566BE7B3-F965-40E2-8344-69B9615433AE}.Debug Psp Emu|Win32.ActiveCfg = Debug|Win32
		{566BE7B3-F965-40E2-8344-69B9615433AE}.Debug Psp Emu|Win32.Build.0 = Debug|Win32
		{566BE7B3-F965-40E2-8344-69B9615433AE}.Debug Psp|Win32.ActiveCfg = Debug|Win32
		{566BE7B3-F965-40E2-8344-69B9615433AE}.Debug Psp|Win32.Build.0 = Debug|Win32
		{566BE7B3-F965-40E2-8344-69B9615433AE}.Debug|Win32.ActiveCfg = Debug|Win32
		{566BE7B3-F965-40E2-8344-69B9615433AE}.Debug|Win32.Build.0 = Debug|Win32
		{566BE7B3-F965-40E2-8344-69B9615433AE}.DebugConsoleClient|Win32.ActiveCfg = Debug|Win32
		{566BE7B3-F965-40E2-8344-69B9615433AE}.DebugConsoleClient|Win32.Build.0 = Debug|Win32
		{566BE7B3-F965-40E2-8344-69B9615433AE}.DebugStatic|Win32.ActiveCfg = Debug|Win32
		{566BE7B3-F965-40E2-8344-69B9615433AE}.DebugStatic|Win32.Build.0 = Debug|Win32
		{566BE7B3-F965-40E2-8344-69B9615433AE}.Release Psp Emu|Win32.ActiveCfg = Release|Win32
		{566BE7B3-F965-40E2-8344-69B9615433AE}.Release Psp Emu|Win32.Build.0 = Release|Win32
		{566BE7B3-F965-40E2-8344-69B9615433AE}.Release Psp|Win32.ActiveCfg = Release|Win32
		{566BE7B3-F965-40E2-8344-69B9615433AE}.Release Psp|Win32.Build.0 = Release|Win32
		{566BE7B3-F965-40E2-8344-69B9615433AE}.Release|Win32.ActiveCfg = Release|Win32
		{566BE7B3-F965-40E2-8344-69B9615433AE}.Release|Win32.Build.0 = Release|Win32
		{566BE7B3-F965-40E2-8344-69B9615433AE}.ReleaseDebug|Win32.ActiveCfg = Debug|Win32
		{566BE7B3-F965-40E2-8344-69B9615433AE}.ReleaseDebug|Win32.Build.0 = Debug|Win32
		{566BE7B3-F965-40E2-8344-69B9615433AE}.ReleaseStatic|Win32.ActiveCfg = Release|Win32
		{566BE7B3-F965-40E2-8344-69B9615433AE}.ReleaseStatic|Win32.Build.0 = Release|Win32
		{1130B059-A99A-4BFF-8ABA-42FC686CE831}.Debug Psp Emu|Win32.ActiveCfg = Debug|Win32
		{1130B059-A99A-4BFF-8ABA-42FC686CE831}.Debug Psp Emu|Win32.Build.0 = Debug|Win32
		{1130B059-A99A-4BFF-8ABA-42FC686CE831}.Debug Psp|Win32.ActiveCfg = Debug|Win32
		{1130B059-A99A-4BFF-8ABA-42FC686CE831}.Debug Psp|Win32.Build.0 = Debug|Win32
		{1130B059-A99A-4BFF-8ABA-42FC686CE831}.Debug|Win32.ActiveCfg = Debug|Win32
		{1130B059-A99A-4BFF-8ABA-42FC686CE831}.Debug|Win32.Build.0 = Debug|Win32
		{1130B059-A99A-4BFF-8ABA-42FC686CE831}.DebugConsoleClient|Win32.ActiveCfg = Debug|Win32
		{1130B059-A99A-4BFF-8ABA-42FC686CE831}.DebugConsoleClient|Win32.Build.0 = Debug|Win32
		{1130B059-A99A-4BFF-8ABA-42FC686CE831}.DebugStatic|Win32.ActiveCfg = Debug|Win32
		{1130B059-A99A-4BFF-8ABA-42FC686CE831}.DebugStatic|Win32.Build.0 = Debug|Win32
		{1130B059-A99A-4BFF-8ABA-42FC686CE831}.Release Psp Emu|Win32.ActiveCfg = Release|Win32
		{1130B059-A99A-4BFF-8ABA-42FC686CE831}.Release Psp Emu|Win32.Build.0 = Release|Win32
		{1130B059-A99A-4BFF-8ABA-42FC686CE831}.Release Psp|Win32.ActiveCfg = Release|Win32
		{1130B059-A99A-4BFF-8ABA-42FC686CE831}.Release Psp|Win32.Build.0 = Release|Win32
		{1130B059-A99A-4BFF-8ABA-42FC686CE831}.Release|Win32.ActiveCfg = Release|Win32
		{1130B059-A99A-4BFF-8ABA-42FC686CE831}.Release|Win32.Build.0 = Release|Win32
		{1130B059-A99A-4BFF-8ABA-42FC686CE831}.ReleaseDebug|Win32.ActiveCfg = Debug|Win32
		{1130B059-A99A-4BFF-8ABA-42FC686CE831}.ReleaseDebug|Win32.Build.0 = Debug|Win32
		{1130B059-A99A-4BFF-8ABA-42FC686CE831}.ReleaseStatic|Win32.ActiveCfg = Release|Win32
		{1130B059-A99A-4BFF-8ABA-42FC686CE831}.ReleaseStatic|Win32.Build.0 = Release|Win32
	EndGlobalSection
	GlobalSection(SolutionProperties) = preSolution
		HideSolutionNode = FALSE
	EndGlobalSection
EndGlobal
