
Microsoft Visual Studio Solution File, Format Version 9.00
# Visual Studio 2005
Project("{8BC9CEB8-8B4A-11D0-8D11-00A0C91BC942}") = "vtToolkit", "vtToolkit.vcproj", "{47D8FBEC-02E0-BC4F-9835-EE7AC70CB8F7}"
EndProject
Global
	GlobalSection(SolutionConfigurationPlatforms) = preSolution
		Debug|Win32 = Debug|Win32
		Release|Win32 = Release|Win32
		ReleaseDebug|Win32 = ReleaseDebug|Win32
	EndGlobalSection
	GlobalSection(ProjectConfigurationPlatforms) = postSolution
		{47D8FBEC-02E0-BC4F-9835-EE7AC70CB8F7}.Debug|Win32.ActiveCfg = Debug|Win32
		{47D8FBEC-02E0-BC4F-9835-EE7AC70CB8F7}.Debug|Win32.Build.0 = Debug|Win32
		{47D8FBEC-02E0-BC4F-9835-EE7AC70CB8F7}.Release|Win32.ActiveCfg = Release|Win32
		{47D8FBEC-02E0-BC4F-9835-EE7AC70CB8F7}.Release|Win32.Build.0 = Release|Win32
		{47D8FBEC-02E0-BC4F-9835-EE7AC70CB8F7}.ReleaseDebug|Win32.ActiveCfg = ReleaseDebug|Win32
		{47D8FBEC-02E0-BC4F-9835-EE7AC70CB8F7}.ReleaseDebug|Win32.Build.0 = ReleaseDebug|Win32
	EndGlobalSection
	GlobalSection(SolutionProperties) = preSolution
		HideSolutionNode = FALSE
	EndGlobalSection
EndGlobal
